// !$*UTF8*$!
{
	archiveVersion = 1;
	classes = {
	};
	objectVersion = 50;
	objects = {

/* Begin PBXBuildFile section */
		6915F1562169BA1200797FC0 /* UIDevice+MC.m in Sources */ = {isa = PBXBuildFile; fileRef = 6915F1542169BA1200797FC0 /* UIDevice+MC.m */; };
		6915F1592169D84400797FC0 /* Security.framework in Frameworks */ = {isa = PBXBuildFile; fileRef = 6915F1582169D84400797FC0 /* Security.framework */; };
		6915F1642169EA4F00797FC0 /* YCLoginCtrl.m in Sources */ = {isa = PBXBuildFile; fileRef = 6915F1632169EA4F00797FC0 /* YCLoginCtrl.m */; };
		69ACB0F3216AF4730000518D /* temp_Launch.jpg in Resources */ = {isa = PBXBuildFile; fileRef = 69ACB0F2216AF4730000518D /* temp_Launch.jpg */; };
		69ACB0F9216AF5460000518D /* YCMainCtrl.m in Sources */ = {isa = PBXBuildFile; fileRef = 69ACB0F8216AF5460000518D /* YCMainCtrl.m */; };
		69ACB0FC216AF5870000518D /* YCClassificationCtrl.m in Sources */ = {isa = PBXBuildFile; fileRef = 69ACB0FB216AF5870000518D /* YCClassificationCtrl.m */; };
		69ACB0FF216AF5A10000518D /* YCOrderCtrl.m in Sources */ = {isa = PBXBuildFile; fileRef = 69ACB0FE216AF5A10000518D /* YCOrderCtrl.m */; };
		69F6DC97215F253E00C85550 /* AppDelegate.m in Sources */ = {isa = PBXBuildFile; fileRef = 69F6DC96215F253E00C85550 /* AppDelegate.m */; };
		69F6DC9D215F253E00C85550 /* Main.storyboard in Resources */ = {isa = PBXBuildFile; fileRef = 69F6DC9B215F253E00C85550 /* Main.storyboard */; };
		69F6DCA0215F253E00C85550 /* CloudProcurement.xcdatamodeld in Sources */ = {isa = PBXBuildFile; fileRef = 69F6DC9E215F253E00C85550 /* CloudProcurement.xcdatamodeld */; };
		69F6DCA2215F254000C85550 /* Assets.xcassets in Resources */ = {isa = PBXBuildFile; fileRef = 69F6DCA1215F254000C85550 /* Assets.xcassets */; };
		69F6DCA5215F254000C85550 /* LaunchScreen.storyboard in Resources */ = {isa = PBXBuildFile; fileRef = 69F6DCA3215F254000C85550 /* LaunchScreen.storyboard */; };
		69F6DCA8215F254000C85550 /* main.m in Sources */ = {isa = PBXBuildFile; fileRef = 69F6DCA7215F254000C85550 /* main.m */; };
		69F6DCB2215F254000C85550 /* CloudProcurementTests.m in Sources */ = {isa = PBXBuildFile; fileRef = 69F6DCB1215F254000C85550 /* CloudProcurementTests.m */; };
		69F6DCBD215F254000C85550 /* CloudProcurementUITests.m in Sources */ = {isa = PBXBuildFile; fileRef = 69F6DCBC215F254000C85550 /* CloudProcurementUITests.m */; };
		69F6DCEE215F653400C85550 /* YCSysCtrl.m in Sources */ = {isa = PBXBuildFile; fileRef = 69F6DCCD215F653400C85550 /* YCSysCtrl.m */; };
		69F6DCEF215F653400C85550 /* NavicationMainCtrl.m in Sources */ = {isa = PBXBuildFile; fileRef = 69F6DCCE215F653400C85550 /* NavicationMainCtrl.m */; };
		69F6DCF0215F653400C85550 /* YCTableBarCtrl.m in Sources */ = {isa = PBXBuildFile; fileRef = 69F6DCCF215F653400C85550 /* YCTableBarCtrl.m */; };
		69F6DCF2215F653400C85550 /* YCUserManager.m in Sources */ = {isa = PBXBuildFile; fileRef = 69F6DCD7215F653400C85550 /* YCUserManager.m */; };
		69F6DCF4215F653400C85550 /* YCListObj.m in Sources */ = {isa = PBXBuildFile; fileRef = 69F6DCDA215F653400C85550 /* YCListObj.m */; };
		69F6DCF5215F653400C85550 /* YCUserInfo.m in Sources */ = {isa = PBXBuildFile; fileRef = 69F6DCDB215F653400C85550 /* YCUserInfo.m */; };
		69F6DCF6215F653400C85550 /* YCUploadFileItem.m in Sources */ = {isa = PBXBuildFile; fileRef = 69F6DCE4215F653400C85550 /* YCUploadFileItem.m */; };
		69F6DCF7215F653400C85550 /* YCHttpResponse.m in Sources */ = {isa = PBXBuildFile; fileRef = 69F6DCE7215F653400C85550 /* YCHttpResponse.m */; };
		69F6DCF8215F653400C85550 /* YCHttpRequest.m in Sources */ = {isa = PBXBuildFile; fileRef = 69F6DCE8215F653400C85550 /* YCHttpRequest.m */; };
		69F6DCF9215F653400C85550 /* YCFileManager.m in Sources */ = {isa = PBXBuildFile; fileRef = 69F6DCED215F653400C85550 /* YCFileManager.m */; };
		69F6DCFF215F691500C85550 /* YCJSInterationBasicObj.m in Sources */ = {isa = PBXBuildFile; fileRef = 69F6DCFE215F691500C85550 /* YCJSInterationBasicObj.m */; };
		69F6DD02215F6D2500C85550 /* YCWebViewCtrl.m in Sources */ = {isa = PBXBuildFile; fileRef = 69F6DD01215F6D2500C85550 /* YCWebViewCtrl.m */; };
		69F6DD06215F84D100C85550 /* NSObject+JSInteration.m in Sources */ = {isa = PBXBuildFile; fileRef = 69F6DD05215F84D100C85550 /* NSObject+JSInteration.m */; };
		B4A1301CD719A32AE3353194 /* libPods-CloudProcurement.a in Frameworks */ = {isa = PBXBuildFile; fileRef = 9E3EA4832E3AD8E107B2707C /* libPods-CloudProcurement.a */; };
/* End PBXBuildFile section */

/* Begin PBXContainerItemProxy section */
		69F6DCAE215F254000C85550 /* PBXContainerItemProxy */ = {
			isa = PBXContainerItemProxy;
			containerPortal = 69F6DC8A215F253E00C85550 /* Project object */;
			proxyType = 1;
			remoteGlobalIDString = 69F6DC91215F253E00C85550;
			remoteInfo = CloudProcurement;
		};
		69F6DCB9215F254000C85550 /* PBXContainerItemProxy */ = {
			isa = PBXContainerItemProxy;
			containerPortal = 69F6DC8A215F253E00C85550 /* Project object */;
			proxyType = 1;
			remoteGlobalIDString = 69F6DC91215F253E00C85550;
			remoteInfo = CloudProcurement;
		};
/* End PBXContainerItemProxy section */

/* Begin PBXFileReference section */
		21E0F6102BAE49E3039CE24B /* Pods-CloudProcurement.debug.xcconfig */ = {isa = PBXFileReference; includeInIndex = 1; lastKnownFileType = text.xcconfig; name = "Pods-CloudProcurement.debug.xcconfig"; path = "Pods/Target Support Files/Pods-CloudProcurement/Pods-CloudProcurement.debug.xcconfig"; sourceTree = "<group>"; };
		6915F1542169BA1200797FC0 /* UIDevice+MC.m */ = {isa = PBXFileReference; fileEncoding = 4; lastKnownFileType = sourcecode.c.objc; path = "UIDevice+MC.m"; sourceTree = "<group>"; };
		6915F1552169BA1200797FC0 /* UIDevice+MC.h */ = {isa = PBXFileReference; fileEncoding = 4; lastKnownFileType = sourcecode.c.h; path = "UIDevice+MC.h"; sourceTree = "<group>"; };
		6915F1582169D84400797FC0 /* Security.framework */ = {isa = PBXFileReference; lastKnownFileType = wrapper.framework; name = Security.framework; path = System/Library/Frameworks/Security.framework; sourceTree = SDKROOT; };
		6915F1622169EA4F00797FC0 /* YCLoginCtrl.h */ = {isa = PBXFileReference; lastKnownFileType = sourcecode.c.h; path = YCLoginCtrl.h; sourceTree = "<group>"; };
		6915F1632169EA4F00797FC0 /* YCLoginCtrl.m */ = {isa = PBXFileReference; lastKnownFileType = sourcecode.c.objc; path = YCLoginCtrl.m; sourceTree = "<group>"; };
		69ACB0F2216AF4730000518D /* temp_Launch.jpg */ = {isa = PBXFileReference; lastKnownFileType = image.jpeg; path = temp_Launch.jpg; sourceTree = "<group>"; };
		69ACB0F7216AF5460000518D /* YCMainCtrl.h */ = {isa = PBXFileReference; lastKnownFileType = sourcecode.c.h; path = YCMainCtrl.h; sourceTree = "<group>"; };
		69ACB0F8216AF5460000518D /* YCMainCtrl.m */ = {isa = PBXFileReference; lastKnownFileType = sourcecode.c.objc; path = YCMainCtrl.m; sourceTree = "<group>"; };
		69ACB0FA216AF5870000518D /* YCClassificationCtrl.h */ = {isa = PBXFileReference; lastKnownFileType = sourcecode.c.h; path = YCClassificationCtrl.h; sourceTree = "<group>"; };
		69ACB0FB216AF5870000518D /* YCClassificationCtrl.m */ = {isa = PBXFileReference; lastKnownFileType = sourcecode.c.objc; path = YCClassificationCtrl.m; sourceTree = "<group>"; };
		69ACB0FD216AF5A10000518D /* YCOrderCtrl.h */ = {isa = PBXFileReference; lastKnownFileType = sourcecode.c.h; path = YCOrderCtrl.h; sourceTree = "<group>"; };
		69ACB0FE216AF5A10000518D /* YCOrderCtrl.m */ = {isa = PBXFileReference; lastKnownFileType = sourcecode.c.objc; path = YCOrderCtrl.m; sourceTree = "<group>"; };
		69F6DC92215F253E00C85550 /* CloudProcurement.app */ = {isa = PBXFileReference; explicitFileType = wrapper.application; includeInIndex = 0; path = CloudProcurement.app; sourceTree = BUILT_PRODUCTS_DIR; };
		69F6DC95215F253E00C85550 /* AppDelegate.h */ = {isa = PBXFileReference; lastKnownFileType = sourcecode.c.h; path = AppDelegate.h; sourceTree = "<group>"; };
		69F6DC96215F253E00C85550 /* AppDelegate.m */ = {isa = PBXFileReference; lastKnownFileType = sourcecode.c.objc; path = AppDelegate.m; sourceTree = "<group>"; };
		69F6DC9C215F253E00C85550 /* Base */ = {isa = PBXFileReference; lastKnownFileType = file.storyboard; name = Base; path = Base.lproj/Main.storyboard; sourceTree = "<group>"; };
		69F6DC9F215F253E00C85550 /* CloudProcurement.xcdatamodel */ = {isa = PBXFileReference; lastKnownFileType = wrapper.xcdatamodel; path = CloudProcurement.xcdatamodel; sourceTree = "<group>"; };
		69F6DCA1215F254000C85550 /* Assets.xcassets */ = {isa = PBXFileReference; lastKnownFileType = folder.assetcatalog; path = Assets.xcassets; sourceTree = "<group>"; };
		69F6DCA4215F254000C85550 /* Base */ = {isa = PBXFileReference; lastKnownFileType = file.storyboard; name = Base; path = Base.lproj/LaunchScreen.storyboard; sourceTree = "<group>"; };
		69F6DCA6215F254000C85550 /* Info.plist */ = {isa = PBXFileReference; lastKnownFileType = text.plist.xml; path = Info.plist; sourceTree = "<group>"; };
		69F6DCA7215F254000C85550 /* main.m */ = {isa = PBXFileReference; lastKnownFileType = sourcecode.c.objc; path = main.m; sourceTree = "<group>"; };
		69F6DCAD215F254000C85550 /* CloudProcurementTests.xctest */ = {isa = PBXFileReference; explicitFileType = wrapper.cfbundle; includeInIndex = 0; path = CloudProcurementTests.xctest; sourceTree = BUILT_PRODUCTS_DIR; };
		69F6DCB1215F254000C85550 /* CloudProcurementTests.m */ = {isa = PBXFileReference; lastKnownFileType = sourcecode.c.objc; path = CloudProcurementTests.m; sourceTree = "<group>"; };
		69F6DCB3215F254000C85550 /* Info.plist */ = {isa = PBXFileReference; lastKnownFileType = text.plist.xml; path = Info.plist; sourceTree = "<group>"; };
		69F6DCB8215F254000C85550 /* CloudProcurementUITests.xctest */ = {isa = PBXFileReference; explicitFileType = wrapper.cfbundle; includeInIndex = 0; path = CloudProcurementUITests.xctest; sourceTree = BUILT_PRODUCTS_DIR; };
		69F6DCBC215F254000C85550 /* CloudProcurementUITests.m */ = {isa = PBXFileReference; lastKnownFileType = sourcecode.c.objc; path = CloudProcurementUITests.m; sourceTree = "<group>"; };
		69F6DCBE215F254000C85550 /* Info.plist */ = {isa = PBXFileReference; lastKnownFileType = text.plist.xml; path = Info.plist; sourceTree = "<group>"; };
		69F6DCCC215F653400C85550 /* YCTableBarCtrl.h */ = {isa = PBXFileReference; fileEncoding = 4; lastKnownFileType = sourcecode.c.h; path = YCTableBarCtrl.h; sourceTree = "<group>"; };
		69F6DCCD215F653400C85550 /* YCSysCtrl.m */ = {isa = PBXFileReference; fileEncoding = 4; lastKnownFileType = sourcecode.c.objc; path = YCSysCtrl.m; sourceTree = "<group>"; };
		69F6DCCE215F653400C85550 /* NavicationMainCtrl.m */ = {isa = PBXFileReference; fileEncoding = 4; lastKnownFileType = sourcecode.c.objc; path = NavicationMainCtrl.m; sourceTree = "<group>"; };
		69F6DCCF215F653400C85550 /* YCTableBarCtrl.m */ = {isa = PBXFileReference; fileEncoding = 4; lastKnownFileType = sourcecode.c.objc; path = YCTableBarCtrl.m; sourceTree = "<group>"; };
		69F6DCD0215F653400C85550 /* YCSysCtrl.h */ = {isa = PBXFileReference; fileEncoding = 4; lastKnownFileType = sourcecode.c.h; path = YCSysCtrl.h; sourceTree = "<group>"; };
		69F6DCD1215F653400C85550 /* NavicationMainCtrl.h */ = {isa = PBXFileReference; fileEncoding = 4; lastKnownFileType = sourcecode.c.h; path = NavicationMainCtrl.h; sourceTree = "<group>"; };
		69F6DCD6215F653400C85550 /* YCUserInfo.h */ = {isa = PBXFileReference; fileEncoding = 4; lastKnownFileType = sourcecode.c.h; path = YCUserInfo.h; sourceTree = "<group>"; };
		69F6DCD7215F653400C85550 /* YCUserManager.m */ = {isa = PBXFileReference; fileEncoding = 4; lastKnownFileType = sourcecode.c.objc; path = YCUserManager.m; sourceTree = "<group>"; };
		69F6DCD9215F653400C85550 /* YCTypeDefObj.h */ = {isa = PBXFileReference; fileEncoding = 4; lastKnownFileType = sourcecode.c.h; path = YCTypeDefObj.h; sourceTree = "<group>"; };
		69F6DCDA215F653400C85550 /* YCListObj.m */ = {isa = PBXFileReference; fileEncoding = 4; lastKnownFileType = sourcecode.c.objc; path = YCListObj.m; sourceTree = "<group>"; };
		69F6DCDB215F653400C85550 /* YCUserInfo.m */ = {isa = PBXFileReference; fileEncoding = 4; lastKnownFileType = sourcecode.c.objc; path = YCUserInfo.m; sourceTree = "<group>"; };
		69F6DCDE215F653400C85550 /* YCUserManager.h */ = {isa = PBXFileReference; fileEncoding = 4; lastKnownFileType = sourcecode.c.h; path = YCUserManager.h; sourceTree = "<group>"; };
		69F6DCDF215F653400C85550 /* YCListObj.h */ = {isa = PBXFileReference; fileEncoding = 4; lastKnownFileType = sourcecode.c.h; path = YCListObj.h; sourceTree = "<group>"; };
		69F6DCE1215F653400C85550 /* YCNotificationNameConfig.h */ = {isa = PBXFileReference; fileEncoding = 4; lastKnownFileType = sourcecode.c.h; path = YCNotificationNameConfig.h; sourceTree = "<group>"; };
		69F6DCE2215F653400C85550 /* YCPathConfig.h */ = {isa = PBXFileReference; fileEncoding = 4; lastKnownFileType = sourcecode.c.h; path = YCPathConfig.h; sourceTree = "<group>"; };
		69F6DCE4215F653400C85550 /* YCUploadFileItem.m */ = {isa = PBXFileReference; fileEncoding = 4; lastKnownFileType = sourcecode.c.objc; path = YCUploadFileItem.m; sourceTree = "<group>"; };
		69F6DCE5215F653400C85550 /* YCUploadFileItem.h */ = {isa = PBXFileReference; fileEncoding = 4; lastKnownFileType = sourcecode.c.h; path = YCUploadFileItem.h; sourceTree = "<group>"; };
		69F6DCE7215F653400C85550 /* YCHttpResponse.m */ = {isa = PBXFileReference; fileEncoding = 4; lastKnownFileType = sourcecode.c.objc; path = YCHttpResponse.m; sourceTree = "<group>"; };
		69F6DCE8215F653400C85550 /* YCHttpRequest.m */ = {isa = PBXFileReference; fileEncoding = 4; lastKnownFileType = sourcecode.c.objc; path = YCHttpRequest.m; sourceTree = "<group>"; };
		69F6DCE9215F653400C85550 /* YCHttpResponse.h */ = {isa = PBXFileReference; fileEncoding = 4; lastKnownFileType = sourcecode.c.h; path = YCHttpResponse.h; sourceTree = "<group>"; };
		69F6DCEA215F653400C85550 /* YCHttpRequest.h */ = {isa = PBXFileReference; fileEncoding = 4; lastKnownFileType = sourcecode.c.h; path = YCHttpRequest.h; sourceTree = "<group>"; };
		69F6DCEC215F653400C85550 /* YCFileManager.h */ = {isa = PBXFileReference; fileEncoding = 4; lastKnownFileType = sourcecode.c.h; path = YCFileManager.h; sourceTree = "<group>"; };
		69F6DCED215F653400C85550 /* YCFileManager.m */ = {isa = PBXFileReference; fileEncoding = 4; lastKnownFileType = sourcecode.c.objc; path = YCFileManager.m; sourceTree = "<group>"; };
		69F6DCFD215F691500C85550 /* YCJSInterationBasicObj.h */ = {isa = PBXFileReference; lastKnownFileType = sourcecode.c.h; path = YCJSInterationBasicObj.h; sourceTree = "<group>"; };
		69F6DCFE215F691500C85550 /* YCJSInterationBasicObj.m */ = {isa = PBXFileReference; lastKnownFileType = sourcecode.c.objc; path = YCJSInterationBasicObj.m; sourceTree = "<group>"; };
		69F6DD00215F6D2500C85550 /* YCWebViewCtrl.h */ = {isa = PBXFileReference; lastKnownFileType = sourcecode.c.h; path = YCWebViewCtrl.h; sourceTree = "<group>"; };
		69F6DD01215F6D2500C85550 /* YCWebViewCtrl.m */ = {isa = PBXFileReference; lastKnownFileType = sourcecode.c.objc; path = YCWebViewCtrl.m; sourceTree = "<group>"; };
		69F6DD04215F84D100C85550 /* NSObject+JSInteration.h */ = {isa = PBXFileReference; lastKnownFileType = sourcecode.c.h; path = "NSObject+JSInteration.h"; sourceTree = "<group>"; };
		69F6DD05215F84D100C85550 /* NSObject+JSInteration.m */ = {isa = PBXFileReference; lastKnownFileType = sourcecode.c.objc; path = "NSObject+JSInteration.m"; sourceTree = "<group>"; };
		9E3EA4832E3AD8E107B2707C /* libPods-CloudProcurement.a */ = {isa = PBXFileReference; explicitFileType = archive.ar; includeInIndex = 0; path = "libPods-CloudProcurement.a"; sourceTree = BUILT_PRODUCTS_DIR; };
		CE2B7937CD638E1E5354B6C5 /* Pods-CloudProcurement.release.xcconfig */ = {isa = PBXFileReference; includeInIndex = 1; lastKnownFileType = text.xcconfig; name = "Pods-CloudProcurement.release.xcconfig"; path = "Pods/Target Support Files/Pods-CloudProcurement/Pods-CloudProcurement.release.xcconfig"; sourceTree = "<group>"; };
/* End PBXFileReference section */

/* Begin PBXFrameworksBuildPhase section */
		69F6DC8F215F253E00C85550 /* Frameworks */ = {
			isa = PBXFrameworksBuildPhase;
			buildActionMask = 2147483647;
			files = (
				6915F1592169D84400797FC0 /* Security.framework in Frameworks */,
				B4A1301CD719A32AE3353194 /* libPods-CloudProcurement.a in Frameworks */,
			);
			runOnlyForDeploymentPostprocessing = 0;
		};
		69F6DCAA215F254000C85550 /* Frameworks */ = {
			isa = PBXFrameworksBuildPhase;
			buildActionMask = 2147483647;
			files = (
			);
			runOnlyForDeploymentPostprocessing = 0;
		};
		69F6DCB5215F254000C85550 /* Frameworks */ = {
			isa = PBXFrameworksBuildPhase;
			buildActionMask = 2147483647;
			files = (
			);
			runOnlyForDeploymentPostprocessing = 0;
		};
/* End PBXFrameworksBuildPhase section */

/* Begin PBXGroup section */
		6915F1572169CFD900797FC0 /* Ctrl */ = {
			isa = PBXGroup;
			children = (
				69ACB0F6216AF4D30000518D /* orderCtrl */,
				69ACB0F5216AF4A10000518D /* classificationCtrl */,
				69ACB0F4216AF4970000518D /* mainCtrl */,
				6915F15C2169E4B200797FC0 /* login */,
				69F6DCCB215F653400C85550 /* basic */,
				69F6DCD1215F653400C85550 /* NavicationMainCtrl.h */,
				69F6DCCE215F653400C85550 /* NavicationMainCtrl.m */,
				69F6DCCC215F653400C85550 /* YCTableBarCtrl.h */,
				69F6DCCF215F653400C85550 /* YCTableBarCtrl.m */,
			);
			path = Ctrl;
			sourceTree = "<group>";
		};
		6915F15C2169E4B200797FC0 /* login */ = {
			isa = PBXGroup;
			children = (
				6915F1622169EA4F00797FC0 /* YCLoginCtrl.h */,
				6915F1632169EA4F00797FC0 /* YCLoginCtrl.m */,
			);
			path = login;
			sourceTree = "<group>";
		};
		6915F15D2169E5C500797FC0 /* resource */ = {
			isa = PBXGroup;
			children = (
				69ACB0F2216AF4730000518D /* temp_Launch.jpg */,
			);
			path = resource;
			sourceTree = "<group>";
		};
		69ACB0F4216AF4970000518D /* mainCtrl */ = {
			isa = PBXGroup;
			children = (
				69ACB0F7216AF5460000518D /* YCMainCtrl.h */,
				69ACB0F8216AF5460000518D /* YCMainCtrl.m */,
			);
			path = mainCtrl;
			sourceTree = "<group>";
		};
		69ACB0F5216AF4A10000518D /* classificationCtrl */ = {
			isa = PBXGroup;
			children = (
				69ACB0FA216AF5870000518D /* YCClassificationCtrl.h */,
				69ACB0FB216AF5870000518D /* YCClassificationCtrl.m */,
			);
			path = classificationCtrl;
			sourceTree = "<group>";
		};
		69ACB0F6216AF4D30000518D /* orderCtrl */ = {
			isa = PBXGroup;
			children = (
				69ACB0FD216AF5A10000518D /* YCOrderCtrl.h */,
				69ACB0FE216AF5A10000518D /* YCOrderCtrl.m */,
			);
			path = orderCtrl;
			sourceTree = "<group>";
		};
		69F6DC89215F253E00C85550 = {
			isa = PBXGroup;
			children = (
				69F6DC94215F253E00C85550 /* CloudProcurement */,
				69F6DCB0215F254000C85550 /* CloudProcurementTests */,
				69F6DCBB215F254000C85550 /* CloudProcurementUITests */,
				69F6DC93215F253E00C85550 /* Products */,
				DCD2896AB7120943C0F43915 /* Pods */,
				8D0C479D5857667ACDEEBEDB /* Frameworks */,
			);
			sourceTree = "<group>";
		};
		69F6DC93215F253E00C85550 /* Products */ = {
			isa = PBXGroup;
			children = (
				69F6DC92215F253E00C85550 /* CloudProcurement.app */,
				69F6DCAD215F254000C85550 /* CloudProcurementTests.xctest */,
				69F6DCB8215F254000C85550 /* CloudProcurementUITests.xctest */,
			);
			name = Products;
			sourceTree = "<group>";
		};
		69F6DC94215F253E00C85550 /* CloudProcurement */ = {
			isa = PBXGroup;
			children = (
				6915F15D2169E5C500797FC0 /* resource */,
				69F6DCD2215F653400C85550 /* model */,
				6915F1572169CFD900797FC0 /* Ctrl */,
				69F6DC95215F253E00C85550 /* AppDelegate.h */,
				69F6DC96215F253E00C85550 /* AppDelegate.m */,
				69F6DC9B215F253E00C85550 /* Main.storyboard */,
				69F6DCA1215F254000C85550 /* Assets.xcassets */,
				69F6DCA3215F254000C85550 /* LaunchScreen.storyboard */,
				69F6DCA6215F254000C85550 /* Info.plist */,
				69F6DCA7215F254000C85550 /* main.m */,
				69F6DC9E215F253E00C85550 /* CloudProcurement.xcdatamodeld */,
			);
			path = CloudProcurement;
			sourceTree = "<group>";
		};
		69F6DCB0215F254000C85550 /* CloudProcurementTests */ = {
			isa = PBXGroup;
			children = (
				69F6DCB1215F254000C85550 /* CloudProcurementTests.m */,
				69F6DCB3215F254000C85550 /* Info.plist */,
			);
			path = CloudProcurementTests;
			sourceTree = "<group>";
		};
		69F6DCBB215F254000C85550 /* CloudProcurementUITests */ = {
			isa = PBXGroup;
			children = (
				69F6DCBC215F254000C85550 /* CloudProcurementUITests.m */,
				69F6DCBE215F254000C85550 /* Info.plist */,
			);
			path = CloudProcurementUITests;
			sourceTree = "<group>";
		};
		69F6DCCB215F653400C85550 /* basic */ = {
			isa = PBXGroup;
			children = (
				69F6DCD0215F653400C85550 /* YCSysCtrl.h */,
				69F6DCCD215F653400C85550 /* YCSysCtrl.m */,
				69F6DCFD215F691500C85550 /* YCJSInterationBasicObj.h */,
				69F6DCFE215F691500C85550 /* YCJSInterationBasicObj.m */,
				69F6DD00215F6D2500C85550 /* YCWebViewCtrl.h */,
				69F6DD01215F6D2500C85550 /* YCWebViewCtrl.m */,
			);
			path = basic;
			sourceTree = "<group>";
		};
		69F6DCD2215F653400C85550 /* model */ = {
			isa = PBXGroup;
			children = (
				69F6DD03215F848D00C85550 /* category */,
				69F6DCE0215F653400C85550 /* Config */,
				69F6DCD3215F653400C85550 /* DataBase */,
				69F6DCEB215F653400C85550 /* FileManager */,
				69F6DCE3215F653400C85550 /* FileUploadAndDownload */,
				69F6DCE6215F653400C85550 /* NetworkProtocol */,
				69F6DCD4215F653400C85550 /* Obj */,
			);
			path = model;
			sourceTree = "<group>";
		};
		69F6DCD3215F653400C85550 /* DataBase */ = {
			isa = PBXGroup;
			children = (
			);
			path = DataBase;
			sourceTree = "<group>";
		};
		69F6DCD4215F653400C85550 /* Obj */ = {
			isa = PBXGroup;
			children = (
				6915F1552169BA1200797FC0 /* UIDevice+MC.h */,
				6915F1542169BA1200797FC0 /* UIDevice+MC.m */,
				69F6DCDF215F653400C85550 /* YCListObj.h */,
				69F6DCDA215F653400C85550 /* YCListObj.m */,
				69F6DCD9215F653400C85550 /* YCTypeDefObj.h */,
				69F6DCD6215F653400C85550 /* YCUserInfo.h */,
				69F6DCDB215F653400C85550 /* YCUserInfo.m */,
				69F6DCDE215F653400C85550 /* YCUserManager.h */,
				69F6DCD7215F653400C85550 /* YCUserManager.m */,
			);
			path = Obj;
			sourceTree = "<group>";
		};
		69F6DCE0215F653400C85550 /* Config */ = {
			isa = PBXGroup;
			children = (
				69F6DCE1215F653400C85550 /* YCNotificationNameConfig.h */,
				69F6DCE2215F653400C85550 /* YCPathConfig.h */,
			);
			path = Config;
			sourceTree = "<group>";
		};
		69F6DCE3215F653400C85550 /* FileUploadAndDownload */ = {
			isa = PBXGroup;
			children = (
				69F6DCE5215F653400C85550 /* YCUploadFileItem.h */,
				69F6DCE4215F653400C85550 /* YCUploadFileItem.m */,
			);
			path = FileUploadAndDownload;
			sourceTree = "<group>";
		};
		69F6DCE6215F653400C85550 /* NetworkProtocol */ = {
			isa = PBXGroup;
			children = (
				69F6DCEA215F653400C85550 /* YCHttpRequest.h */,
				69F6DCE8215F653400C85550 /* YCHttpRequest.m */,
				69F6DCE9215F653400C85550 /* YCHttpResponse.h */,
				69F6DCE7215F653400C85550 /* YCHttpResponse.m */,
			);
			path = NetworkProtocol;
			sourceTree = "<group>";
		};
		69F6DCEB215F653400C85550 /* FileManager */ = {
			isa = PBXGroup;
			children = (
				69F6DCEC215F653400C85550 /* YCFileManager.h */,
				69F6DCED215F653400C85550 /* YCFileManager.m */,
			);
			path = FileManager;
			sourceTree = "<group>";
		};
		69F6DD03215F848D00C85550 /* category */ = {
			isa = PBXGroup;
			children = (
				69F6DD04215F84D100C85550 /* NSObject+JSInteration.h */,
				69F6DD05215F84D100C85550 /* NSObject+JSInteration.m */,
			);
			path = category;
			sourceTree = "<group>";
		};
		8D0C479D5857667ACDEEBEDB /* Frameworks */ = {
			isa = PBXGroup;
			children = (
				6915F1582169D84400797FC0 /* Security.framework */,
				9E3EA4832E3AD8E107B2707C /* libPods-CloudProcurement.a */,
			);
			name = Frameworks;
			sourceTree = "<group>";
		};
		DCD2896AB7120943C0F43915 /* Pods */ = {
			isa = PBXGroup;
			children = (
				21E0F6102BAE49E3039CE24B /* Pods-CloudProcurement.debug.xcconfig */,
				CE2B7937CD638E1E5354B6C5 /* Pods-CloudProcurement.release.xcconfig */,
			);
			name = Pods;
			sourceTree = "<group>";
		};
/* End PBXGroup section */

/* Begin PBXNativeTarget section */
		69F6DC91215F253E00C85550 /* CloudProcurement */ = {
			isa = PBXNativeTarget;
			buildConfigurationList = 69F6DCC1215F254000C85550 /* Build configuration list for PBXNativeTarget "CloudProcurement" */;
			buildPhases = (
				EBCA0FEBF1CF5F2FD5841382 /* [CP] Check Pods Manifest.lock */,
				69F6DC8E215F253E00C85550 /* Sources */,
				69F6DC8F215F253E00C85550 /* Frameworks */,
				69F6DC90215F253E00C85550 /* Resources */,
				B94C514A6C9AEE037D481D26 /* [CP] Copy Pods Resources */,
			);
			buildRules = (
			);
			dependencies = (
			);
			name = CloudProcurement;
			productName = CloudProcurement;
			productReference = 69F6DC92215F253E00C85550 /* CloudProcurement.app */;
			productType = "com.apple.product-type.application";
		};
		69F6DCAC215F254000C85550 /* CloudProcurementTests */ = {
			isa = PBXNativeTarget;
			buildConfigurationList = 69F6DCC4215F254000C85550 /* Build configuration list for PBXNativeTarget "CloudProcurementTests" */;
			buildPhases = (
				69F6DCA9215F254000C85550 /* Sources */,
				69F6DCAA215F254000C85550 /* Frameworks */,
				69F6DCAB215F254000C85550 /* Resources */,
			);
			buildRules = (
			);
			dependencies = (
				69F6DCAF215F254000C85550 /* PBXTargetDependency */,
			);
			name = CloudProcurementTests;
			productName = CloudProcurementTests;
			productReference = 69F6DCAD215F254000C85550 /* CloudProcurementTests.xctest */;
			productType = "com.apple.product-type.bundle.unit-test";
		};
		69F6DCB7215F254000C85550 /* CloudProcurementUITests */ = {
			isa = PBXNativeTarget;
			buildConfigurationList = 69F6DCC7215F254000C85550 /* Build configuration list for PBXNativeTarget "CloudProcurementUITests" */;
			buildPhases = (
				69F6DCB4215F254000C85550 /* Sources */,
				69F6DCB5215F254000C85550 /* Frameworks */,
				69F6DCB6215F254000C85550 /* Resources */,
			);
			buildRules = (
			);
			dependencies = (
				69F6DCBA215F254000C85550 /* PBXTargetDependency */,
			);
			name = CloudProcurementUITests;
			productName = CloudProcurementUITests;
			productReference = 69F6DCB8215F254000C85550 /* CloudProcurementUITests.xctest */;
			productType = "com.apple.product-type.bundle.ui-testing";
		};
/* End PBXNativeTarget section */

/* Begin PBXProject section */
		69F6DC8A215F253E00C85550 /* Project object */ = {
			isa = PBXProject;
			attributes = {
				LastUpgradeCheck = 1000;
				ORGANIZATIONNAME = TsunamiLi;
				TargetAttributes = {
					69F6DC91215F253E00C85550 = {
						CreatedOnToolsVersion = 10.0;
					};
					69F6DCAC215F254000C85550 = {
						CreatedOnToolsVersion = 10.0;
						TestTargetID = 69F6DC91215F253E00C85550;
					};
					69F6DCB7215F254000C85550 = {
						CreatedOnToolsVersion = 10.0;
						TestTargetID = 69F6DC91215F253E00C85550;
					};
				};
			};
			buildConfigurationList = 69F6DC8D215F253E00C85550 /* Build configuration list for PBXProject "CloudProcurement" */;
			compatibilityVersion = "Xcode 9.3";
			developmentRegion = en;
			hasScannedForEncodings = 0;
			knownRegions = (
				en,
				Base,
			);
			mainGroup = 69F6DC89215F253E00C85550;
			productRefGroup = 69F6DC93215F253E00C85550 /* Products */;
			projectDirPath = "";
			projectRoot = "";
			targets = (
				69F6DC91215F253E00C85550 /* CloudProcurement */,
				69F6DCAC215F254000C85550 /* CloudProcurementTests */,
				69F6DCB7215F254000C85550 /* CloudProcurementUITests */,
			);
		};
/* End PBXProject section */

/* Begin PBXResourcesBuildPhase section */
		69F6DC90215F253E00C85550 /* Resources */ = {
			isa = PBXResourcesBuildPhase;
			buildActionMask = 2147483647;
			files = (
				69F6DCA5215F254000C85550 /* LaunchScreen.storyboard in Resources */,
				69F6DCA2215F254000C85550 /* Assets.xcassets in Resources */,
				69ACB0F3216AF4730000518D /* temp_Launch.jpg in Resources */,
				69F6DC9D215F253E00C85550 /* Main.storyboard in Resources */,
			);
			runOnlyForDeploymentPostprocessing = 0;
		};
		69F6DCAB215F254000C85550 /* Resources */ = {
			isa = PBXResourcesBuildPhase;
			buildActionMask = 2147483647;
			files = (
			);
			runOnlyForDeploymentPostprocessing = 0;
		};
		69F6DCB6215F254000C85550 /* Resources */ = {
			isa = PBXResourcesBuildPhase;
			buildActionMask = 2147483647;
			files = (
			);
			runOnlyForDeploymentPostprocessing = 0;
		};
/* End PBXResourcesBuildPhase section */

/* Begin PBXShellScriptBuildPhase section */
		B94C514A6C9AEE037D481D26 /* [CP] Copy Pods Resources */ = {
			isa = PBXShellScriptBuildPhase;
			buildActionMask = 2147483647;
			files = (
			);
			inputFileListPaths = (
			);
			inputPaths = (
				"${SRCROOT}/Pods/Target Support Files/Pods-CloudProcurement/Pods-CloudProcurement-resources.sh",
				"${PODS_ROOT}/MJRefresh/MJRefresh/MJRefresh.bundle",
				"${PODS_ROOT}/SSKeychain/Support/SSKeychain.bundle",
			);
			name = "[CP] Copy Pods Resources";
			outputFileListPaths = (
			);
			outputPaths = (
				"${TARGET_BUILD_DIR}/${UNLOCALIZED_RESOURCES_FOLDER_PATH}/MJRefresh.bundle",
				"${TARGET_BUILD_DIR}/${UNLOCALIZED_RESOURCES_FOLDER_PATH}/SSKeychain.bundle",
			);
			runOnlyForDeploymentPostprocessing = 0;
			shellPath = /bin/sh;
			shellScript = "\"${SRCROOT}/Pods/Target Support Files/Pods-CloudProcurement/Pods-CloudProcurement-resources.sh\"\n";
			showEnvVarsInLog = 0;
		};
		EBCA0FEBF1CF5F2FD5841382 /* [CP] Check Pods Manifest.lock */ = {
			isa = PBXShellScriptBuildPhase;
			buildActionMask = 2147483647;
			files = (
			);
			inputFileListPaths = (
			);
			inputPaths = (
				"${PODS_PODFILE_DIR_PATH}/Podfile.lock",
				"${PODS_ROOT}/Manifest.lock",
			);
			name = "[CP] Check Pods Manifest.lock";
			outputFileListPaths = (
			);
			outputPaths = (
				"$(DERIVED_FILE_DIR)/Pods-CloudProcurement-checkManifestLockResult.txt",
			);
			runOnlyForDeploymentPostprocessing = 0;
			shellPath = /bin/sh;
			shellScript = "diff \"${PODS_PODFILE_DIR_PATH}/Podfile.lock\" \"${PODS_ROOT}/Manifest.lock\" > /dev/null\nif [ $? != 0 ] ; then\n    # print error to STDERR\n    echo \"error: The sandbox is not in sync with the Podfile.lock. Run 'pod install' or update your CocoaPods installation.\" >&2\n    exit 1\nfi\n# This output is used by Xcode 'outputs' to avoid re-running this script phase.\necho \"SUCCESS\" > \"${SCRIPT_OUTPUT_FILE_0}\"\n";
			showEnvVarsInLog = 0;
		};
/* End PBXShellScriptBuildPhase section */

/* Begin PBXSourcesBuildPhase section */
		69F6DC8E215F253E00C85550 /* Sources */ = {
			isa = PBXSourcesBuildPhase;
			buildActionMask = 2147483647;
			files = (
				69F6DCF9215F653400C85550 /* YCFileManager.m in Sources */,
				69F6DCF8215F653400C85550 /* YCHttpRequest.m in Sources */,
				69F6DCF4215F653400C85550 /* YCListObj.m in Sources */,
				69F6DD02215F6D2500C85550 /* YCWebViewCtrl.m in Sources */,
				69ACB0F9216AF5460000518D /* YCMainCtrl.m in Sources */,
				69F6DCF2215F653400C85550 /* YCUserManager.m in Sources */,
				69ACB0FF216AF5A10000518D /* YCOrderCtrl.m in Sources */,
				69F6DCF6215F653400C85550 /* YCUploadFileItem.m in Sources */,
				6915F1642169EA4F00797FC0 /* YCLoginCtrl.m in Sources */,
				69F6DCA0215F253E00C85550 /* CloudProcurement.xcdatamodeld in Sources */,
				69F6DCFF215F691500C85550 /* YCJSInterationBasicObj.m in Sources */,
				6915F1562169BA1200797FC0 /* UIDevice+MC.m in Sources */,
				69F6DCF5215F653400C85550 /* YCUserInfo.m in Sources */,
				69ACB0FC216AF5870000518D /* YCClassificationCtrl.m in Sources */,
				69F6DCF0215F653400C85550 /* YCTableBarCtrl.m in Sources */,
				69F6DCEE215F653400C85550 /* YCSysCtrl.m in Sources */,
				69F6DCA8215F254000C85550 /* main.m in Sources */,
				69F6DC97215F253E00C85550 /* AppDelegate.m in Sources */,
				69F6DCF7215F653400C85550 /* YCHttpResponse.m in Sources */,
				69F6DCEF215F653400C85550 /* NavicationMainCtrl.m in Sources */,
				69F6DD06215F84D100C85550 /* NSObject+JSInteration.m in Sources */,
			);
			runOnlyForDeploymentPostprocessing = 0;
		};
		69F6DCA9215F254000C85550 /* Sources */ = {
			isa = PBXSourcesBuildPhase;
			buildActionMask = 2147483647;
			files = (
				69F6DCB2215F254000C85550 /* CloudProcurementTests.m in Sources */,
			);
			runOnlyForDeploymentPostprocessing = 0;
		};
		69F6DCB4215F254000C85550 /* Sources */ = {
			isa = PBXSourcesBuildPhase;
			buildActionMask = 2147483647;
			files = (
				69F6DCBD215F254000C85550 /* CloudProcurementUITests.m in Sources */,
			);
			runOnlyForDeploymentPostprocessing = 0;
		};
/* End PBXSourcesBuildPhase section */

/* Begin PBXTargetDependency section */
		69F6DCAF215F254000C85550 /* PBXTargetDependency */ = {
			isa = PBXTargetDependency;
			target = 69F6DC91215F253E00C85550 /* CloudProcurement */;
			targetProxy = 69F6DCAE215F254000C85550 /* PBXContainerItemProxy */;
		};
		69F6DCBA215F254000C85550 /* PBXTargetDependency */ = {
			isa = PBXTargetDependency;
			target = 69F6DC91215F253E00C85550 /* CloudProcurement */;
			targetProxy = 69F6DCB9215F254000C85550 /* PBXContainerItemProxy */;
		};
/* End PBXTargetDependency section */

/* Begin PBXVariantGroup section */
		69F6DC9B215F253E00C85550 /* Main.storyboard */ = {
			isa = PBXVariantGroup;
			children = (
				69F6DC9C215F253E00C85550 /* Base */,
			);
			name = Main.storyboard;
			sourceTree = "<group>";
		};
		69F6DCA3215F254000C85550 /* LaunchScreen.storyboard */ = {
			isa = PBXVariantGroup;
			children = (
				69F6DCA4215F254000C85550 /* Base */,
			);
			name = LaunchScreen.storyboard;
			sourceTree = "<group>";
		};
/* End PBXVariantGroup section */

/* Begin XCBuildConfiguration section */
		69F6DCBF215F254000C85550 /* Debug */ = {
			isa = XCBuildConfiguration;
			buildSettings = {
				ALWAYS_SEARCH_USER_PATHS = NO;
				CLANG_ANALYZER_NONNULL = YES;
				CLANG_ANALYZER_NUMBER_OBJECT_CONVERSION = YES_AGGRESSIVE;
				CLANG_CXX_LANGUAGE_STANDARD = "gnu++14";
				CLANG_CXX_LIBRARY = "libc++";
				CLANG_ENABLE_MODULES = YES;
				CLANG_ENABLE_OBJC_ARC = YES;
				CLANG_ENABLE_OBJC_WEAK = YES;
				CLANG_WARN_BLOCK_CAPTURE_AUTORELEASING = YES;
				CLANG_WARN_BOOL_CONVERSION = YES;
				CLANG_WARN_COMMA = YES;
				CLANG_WARN_CONSTANT_CONVERSION = YES;
				CLANG_WARN_DEPRECATED_OBJC_IMPLEMENTATIONS = YES;
				CLANG_WARN_DIRECT_OBJC_ISA_USAGE = YES_ERROR;
				CLANG_WARN_DOCUMENTATION_COMMENTS = YES;
				CLANG_WARN_EMPTY_BODY = YES;
				CLANG_WARN_ENUM_CONVERSION = YES;
				CLANG_WARN_INFINITE_RECURSION = YES;
				CLANG_WARN_INT_CONVERSION = YES;
				CLANG_WARN_NON_LITERAL_NULL_CONVERSION = YES;
				CLANG_WARN_OBJC_IMPLICIT_RETAIN_SELF = YES;
				CLANG_WARN_OBJC_LITERAL_CONVERSION = YES;
				CLANG_WARN_OBJC_ROOT_CLASS = YES_ERROR;
				CLANG_WARN_RANGE_LOOP_ANALYSIS = YES;
				CLANG_WARN_STRICT_PROTOTYPES = YES;
				CLANG_WARN_SUSPICIOUS_MOVE = YES;
				CLANG_WARN_UNGUARDED_AVAILABILITY = YES_AGGRESSIVE;
				CLANG_WARN_UNREACHABLE_CODE = YES;
				CLANG_WARN__DUPLICATE_METHOD_MATCH = YES;
				CODE_SIGN_IDENTITY = "iPhone Developer";
				COPY_PHASE_STRIP = NO;
				DEBUG_INFORMATION_FORMAT = dwarf;
				ENABLE_STRICT_OBJC_MSGSEND = YES;
				ENABLE_TESTABILITY = YES;
				GCC_C_LANGUAGE_STANDARD = gnu11;
				GCC_DYNAMIC_NO_PIC = NO;
				GCC_NO_COMMON_BLOCKS = YES;
				GCC_OPTIMIZATION_LEVEL = 0;
				GCC_PREPROCESSOR_DEFINITIONS = (
					"DEBUG=1",
					"$(inherited)",
				);
				GCC_WARN_64_TO_32_BIT_CONVERSION = YES;
				GCC_WARN_ABOUT_RETURN_TYPE = YES_ERROR;
				GCC_WARN_UNDECLARED_SELECTOR = YES;
				GCC_WARN_UNINITIALIZED_AUTOS = YES_AGGRESSIVE;
				GCC_WARN_UNUSED_FUNCTION = YES;
				GCC_WARN_UNUSED_VARIABLE = YES;
				IPHONEOS_DEPLOYMENT_TARGET = 12.0;
				MTL_ENABLE_DEBUG_INFO = INCLUDE_SOURCE;
				MTL_FAST_MATH = YES;
				ONLY_ACTIVE_ARCH = YES;
				SDKROOT = iphoneos;
			};
			name = Debug;
		};
		69F6DCC0215F254000C85550 /* Release */ = {
			isa = XCBuildConfiguration;
			buildSettings = {
				ALWAYS_SEARCH_USER_PATHS = NO;
				CLANG_ANALYZER_NONNULL = YES;
				CLANG_ANALYZER_NUMBER_OBJECT_CONVERSION = YES_AGGRESSIVE;
				CLANG_CXX_LANGUAGE_STANDARD = "gnu++14";
				CLANG_CXX_LIBRARY = "libc++";
				CLANG_ENABLE_MODULES = YES;
				CLANG_ENABLE_OBJC_ARC = YES;
				CLANG_ENABLE_OBJC_WEAK = YES;
				CLANG_WARN_BLOCK_CAPTURE_AUTORELEASING = YES;
				CLANG_WARN_BOOL_CONVERSION = YES;
				CLANG_WARN_COMMA = YES;
				CLANG_WARN_CONSTANT_CONVERSION = YES;
				CLANG_WARN_DEPRECATED_OBJC_IMPLEMENTATIONS = YES;
				CLANG_WARN_DIRECT_OBJC_ISA_USAGE = YES_ERROR;
				CLANG_WARN_DOCUMENTATION_COMMENTS = YES;
				CLANG_WARN_EMPTY_BODY = YES;
				CLANG_WARN_ENUM_CONVERSION = YES;
				CLANG_WARN_INFINITE_RECURSION = YES;
				CLANG_WARN_INT_CONVERSION = YES;
				CLANG_WARN_NON_LITERAL_NULL_CONVERSION = YES;
				CLANG_WARN_OBJC_IMPLICIT_RETAIN_SELF = YES;
				CLANG_WARN_OBJC_LITERAL_CONVERSION = YES;
				CLANG_WARN_OBJC_ROOT_CLASS = YES_ERROR;
				CLANG_WARN_RANGE_LOOP_ANALYSIS = YES;
				CLANG_WARN_STRICT_PROTOTYPES = YES;
				CLANG_WARN_SUSPICIOUS_MOVE = YES;
				CLANG_WARN_UNGUARDED_AVAILABILITY = YES_AGGRESSIVE;
				CLANG_WARN_UNREACHABLE_CODE = YES;
				CLANG_WARN__DUPLICATE_METHOD_MATCH = YES;
				CODE_SIGN_IDENTITY = "iPhone Developer";
				COPY_PHASE_STRIP = NO;
				DEBUG_INFORMATION_FORMAT = "dwarf-with-dsym";
				ENABLE_NS_ASSERTIONS = NO;
				ENABLE_STRICT_OBJC_MSGSEND = YES;
				GCC_C_LANGUAGE_STANDARD = gnu11;
				GCC_NO_COMMON_BLOCKS = YES;
				GCC_WARN_64_TO_32_BIT_CONVERSION = YES;
				GCC_WARN_ABOUT_RETURN_TYPE = YES_ERROR;
				GCC_WARN_UNDECLARED_SELECTOR = YES;
				GCC_WARN_UNINITIALIZED_AUTOS = YES_AGGRESSIVE;
				GCC_WARN_UNUSED_FUNCTION = YES;
				GCC_WARN_UNUSED_VARIABLE = YES;
				IPHONEOS_DEPLOYMENT_TARGET = 12.0;
				MTL_ENABLE_DEBUG_INFO = NO;
				MTL_FAST_MATH = YES;
				SDKROOT = iphoneos;
				VALIDATE_PRODUCT = YES;
			};
			name = Release;
		};
		69F6DCC2215F254000C85550 /* Debug */ = {
			isa = XCBuildConfiguration;
			baseConfigurationReference = 21E0F6102BAE49E3039CE24B /* Pods-CloudProcurement.debug.xcconfig */;
			buildSettings = {
				ASSETCATALOG_COMPILER_APPICON_NAME = AppIcon;
				CODE_SIGN_IDENTITY = "iPhone Developer";
				CODE_SIGN_STYLE = Automatic;
				DEVELOPMENT_TEAM = P9N3WJ98EG;
				INFOPLIST_FILE = CloudProcurement/Info.plist;
				LD_RUNPATH_SEARCH_PATHS = (
					"$(inherited)",
					"@executable_path/Frameworks",
				);
				PRODUCT_BUNDLE_IDENTIFIER = YC.com.CloudProcurement;
				PRODUCT_NAME = "$(TARGET_NAME)";
				PROVISIONING_PROFILE_SPECIFIER = "";
				TARGETED_DEVICE_FAMILY = "1,2";
			};
			name = Debug;
		};
		69F6DCC3215F254000C85550 /* Release */ = {
			isa = XCBuildConfiguration;
			baseConfigurationReference = CE2B7937CD638E1E5354B6C5 /* Pods-CloudProcurement.release.xcconfig */;
			buildSettings = {
				ASSETCATALOG_COMPILER_APPICON_NAME = AppIcon;
				CODE_SIGN_IDENTITY = "iPhone Developer";
				CODE_SIGN_STYLE = Automatic;
				DEVELOPMENT_TEAM = P9N3WJ98EG;
				INFOPLIST_FILE = CloudProcurement/Info.plist;
				LD_RUNPATH_SEARCH_PATHS = (
					"$(inherited)",
					"@executable_path/Frameworks",
				);
				PRODUCT_BUNDLE_IDENTIFIER = YC.com.CloudProcurement;
				PRODUCT_NAME = "$(TARGET_NAME)";
				PROVISIONING_PROFILE_SPECIFIER = "";
				TARGETED_DEVICE_FAMILY = "1,2";
			};
			name = Release;
		};
		69F6DCC5215F254000C85550 /* Debug */ = {
			isa = XCBuildConfiguration;
			buildSettings = {
				BUNDLE_LOADER = "$(TEST_HOST)";
				CODE_SIGN_STYLE = Automatic;
				DEVELOPMENT_TEAM = 9RVBMR5MGX;
				INFOPLIST_FILE = CloudProcurementTests/Info.plist;
				LD_RUNPATH_SEARCH_PATHS = (
					"$(inherited)",
					"@executable_path/Frameworks",
					"@loader_path/Frameworks",
				);
				PRODUCT_BUNDLE_IDENTIFIER = YC.com.CloudProcurementTests;
				PRODUCT_NAME = "$(TARGET_NAME)";
				TARGETED_DEVICE_FAMILY = "1,2";
				TEST_HOST = "$(BUILT_PRODUCTS_DIR)/CloudProcurement.app/CloudProcurement";
			};
			name = Debug;
		};
		69F6DCC6215F254000C85550 /* Release */ = {
			isa = XCBuildConfiguration;
			buildSettings = {
				BUNDLE_LOADER = "$(TEST_HOST)";
				CODE_SIGN_STYLE = Automatic;
				DEVELOPMENT_TEAM = 9RVBMR5MGX;
				INFOPLIST_FILE = CloudProcurementTests/Info.plist;
				LD_RUNPATH_SEARCH_PATHS = (
					"$(inherited)",
					"@executable_path/Frameworks",
					"@loader_path/Frameworks",
				);
				PRODUCT_BUNDLE_IDENTIFIER = YC.com.CloudProcurementTests;
				PRODUCT_NAME = "$(TARGET_NAME)";
				TARGETED_DEVICE_FAMILY = "1,2";
				TEST_HOST = "$(BUILT_PRODUCTS_DIR)/CloudProcurement.app/CloudProcurement";
			};
			name = Release;
		};
		69F6DCC8215F254000C85550 /* Debug */ = {
			isa = XCBuildConfiguration;
			buildSettings = {
				CODE_SIGN_STYLE = Automatic;
				DEVELOPMENT_TEAM = 9RVBMR5MGX;
				INFOPLIST_FILE = CloudProcurementUITests/Info.plist;
				LD_RUNPATH_SEARCH_PATHS = (
					"$(inherited)",
					"@executable_path/Frameworks",
					"@loader_path/Frameworks",
				);
				PRODUCT_BUNDLE_IDENTIFIER = YC.com.CloudProcurementUITests;
				PRODUCT_NAME = "$(TARGET_NAME)";
				TARGETED_DEVICE_FAMILY = "1,2";
				TEST_TARGET_NAME = CloudProcurement;
			};
			name = Debug;
		};
		69F6DCC9215F254000C85550 /* Release */ = {
			isa = XCBuildConfiguration;
			buildSettings = {
				CODE_SIGN_STYLE = Automatic;
				DEVELOPMENT_TEAM = 9RVBMR5MGX;
				INFOPLIST_FILE = CloudProcurementUITests/Info.plist;
				LD_RUNPATH_SEARCH_PATHS = (
					"$(inherited)",
					"@executable_path/Frameworks",
					"@loader_path/Frameworks",
				);
				PRODUCT_BUNDLE_IDENTIFIER = YC.com.CloudProcurementUITests;
				PRODUCT_NAME = "$(TARGET_NAME)";
				TARGETED_DEVICE_FAMILY = "1,2";
				TEST_TARGET_NAME = CloudProcurement;
			};
			name = Release;
		};
/* End XCBuildConfiguration section */

/* Begin XCConfigurationList section */
		69F6DC8D215F253E00C85550 /* Build configuration list for PBXProject "CloudProcurement" */ = {
			isa = XCConfigurationList;
			buildConfigurations = (
				69F6DCBF215F254000C85550 /* Debug */,
				69F6DCC0215F254000C85550 /* Release */,
			);
			defaultConfigurationIsVisible = 0;
			defaultConfigurationName = Release;
		};
		69F6DCC1215F254000C85550 /* Build configuration list for PBXNativeTarget "CloudProcurement" */ = {
			isa = XCConfigurationList;
			buildConfigurations = (
				69F6DCC2215F254000C85550 /* Debug */,
				69F6DCC3215F254000C85550 /* Release */,
			);
			defaultConfigurationIsVisible = 0;
			defaultConfigurationName = Release;
		};
		69F6DCC4215F254000C85550 /* Build configuration list for PBXNativeTarget "CloudProcurementTests" */ = {
			isa = XCConfigurationList;
			buildConfigurations = (
				69F6DCC5215F254000C85550 /* Debug */,
				69F6DCC6215F254000C85550 /* Release */,
			);
			defaultConfigurationIsVisible = 0;
			defaultConfigurationName = Release;
		};
		69F6DCC7215F254000C85550 /* Build configuration list for PBXNativeTarget "CloudProcurementUITests" */ = {
			isa = XCConfigurationList;
			buildConfigurations = (
				69F6DCC8215F254000C85550 /* Debug */,
				69F6DCC9215F254000C85550 /* Release */,
			);
			defaultConfigurationIsVisible = 0;
			defaultConfigurationName = Release;
		};
/* End XCConfigurationList section */

/* Begin XCVersionGroup section */
		69F6DC9E215F253E00C85550 /* CloudProcurement.xcdatamodeld */ = {
			isa = XCVersionGroup;
			children = (
				69F6DC9F215F253E00C85550 /* CloudProcurement.xcdatamodel */,
			);
			currentVersion = 69F6DC9F215F253E00C85550 /* CloudProcurement.xcdatamodel */;
			path = CloudProcurement.xcdatamodeld;
			sourceTree = "<group>";
			versionGroupType = wrapper.xcdatamodel;
		};
/* End XCVersionGroup section */
	};
	rootObject = 69F6DC8A215F253E00C85550 /* Project object */;
}
